// !$*UTF8*$!
{
	archiveVersion = 1;
	classes = {
	};
	objectVersion = 55;
	objects = {

/* Begin PBXBuildFile section */
		B30556B728B408EA00BEAB4D /* statement.cpp in Sources */ = {isa = PBXBuildFile; fileRef = B30556B528B408EA00BEAB4D /* statement.cpp */; };
		B30556BA28B40FC800BEAB4D /* compiler.cpp in Sources */ = {isa = PBXBuildFile; fileRef = B30556B828B40FC800BEAB4D /* compiler.cpp */; };
		B306BB5728C3112700445D5F /* main.cpp in Sources */ = {isa = PBXBuildFile; fileRef = B306BB5628C3112700445D5F /* main.cpp */; };
		B306BB8028C4093100445D5F /* preprocessor.cpp in Sources */ = {isa = PBXBuildFile; fileRef = B306BB7F28C4093100445D5F /* preprocessor.cpp */; };
		B3820394290B3CAB0083A552 /* allocation.cpp in Sources */ = {isa = PBXBuildFile; fileRef = B3820392290B3CAB0083A552 /* allocation.cpp */; };
		B396F0B2290E365D00179979 /* function.cpp in Sources */ = {isa = PBXBuildFile; fileRef = B396F0B1290E365D00179979 /* function.cpp */; };
		B396F0B5290EC4FC00179979 /* program.cpp in Sources */ = {isa = PBXBuildFile; fileRef = B396F0B3290EC4FC00179979 /* program.cpp */; };
		B3A769E52904FD1B005A0D83 /* libfmt.9.1.0.dylib in Frameworks */ = {isa = PBXBuildFile; fileRef = B3A769E42904FD1B005A0D83 /* libfmt.9.1.0.dylib */; };
		B3D451E128B4057500355D7B /* expression.cpp in Sources */ = {isa = PBXBuildFile; fileRef = B3D451DF28B4057500355D7B /* expression.cpp */; };
		B3D9C5FF29038C89004EE1CC /* optimizer.cpp in Sources */ = {isa = PBXBuildFile; fileRef = B3D9C5FD29038C89004EE1CC /* optimizer.cpp */; };
		B3E8090029088AB700CD5A47 /* driver.cpp in Sources */ = {isa = PBXBuildFile; fileRef = B3E808FE29088AB700CD5A47 /* driver.cpp */; };
		B3E8090429088BFE00CD5A47 /* scanner.cpp in Sources */ = {isa = PBXBuildFile; fileRef = B3E8090129088BFE00CD5A47 /* scanner.cpp */; };
		B3E8090529088BFE00CD5A47 /* parser.cpp in Sources */ = {isa = PBXBuildFile; fileRef = B3E8090229088BFE00CD5A47 /* parser.cpp */; };
		B3F390B728E7906200DA4FE0 /* bytecode.cpp in Sources */ = {isa = PBXBuildFile; fileRef = B3F390B528E7906200DA4FE0 /* bytecode.cpp */; };
/* End PBXBuildFile section */

/* Begin PBXCopyFilesBuildPhase section */
		B33775A127E8E2F9006CA5FA /* CopyFiles */ = {
			isa = PBXCopyFilesBuildPhase;
			buildActionMask = 2147483647;
			dstPath = /usr/share/man/man1/;
			dstSubfolderSpec = 0;
			files = (
			);
			runOnlyForDeploymentPostprocessing = 1;
		};
/* End PBXCopyFilesBuildPhase section */

/* Begin PBXFileReference section */
		B30556B528B408EA00BEAB4D /* statement.cpp */ = {isa = PBXFileReference; lastKnownFileType = sourcecode.cpp.cpp; path = statement.cpp; sourceTree = "<group>"; };
		B30556B628B408EA00BEAB4D /* statement.hpp */ = {isa = PBXFileReference; lastKnownFileType = sourcecode.cpp.h; path = statement.hpp; sourceTree = "<group>"; };
		B30556B828B40FC800BEAB4D /* compiler.cpp */ = {isa = PBXFileReference; lastKnownFileType = sourcecode.cpp.cpp; path = compiler.cpp; sourceTree = "<group>"; };
		B30556B928B40FC800BEAB4D /* compiler.hpp */ = {isa = PBXFileReference; lastKnownFileType = sourcecode.cpp.h; path = compiler.hpp; sourceTree = "<group>"; };
		B30556BD28B41E3300BEAB4D /* types.hpp */ = {isa = PBXFileReference; fileEncoding = 4; lastKnownFileType = sourcecode.cpp.h; path = types.hpp; sourceTree = "<group>"; };
		B30556BF28B4201A00BEAB4D /* function.hpp */ = {isa = PBXFileReference; lastKnownFileType = sourcecode.cpp.h; path = function.hpp; sourceTree = "<group>"; };
		B30556C428B44BBA00BEAB4D /* error.hpp */ = {isa = PBXFileReference; fileEncoding = 4; lastKnownFileType = sourcecode.cpp.h; path = error.hpp; sourceTree = "<group>"; };
		B306BB5628C3112700445D5F /* main.cpp */ = {isa = PBXFileReference; lastKnownFileType = sourcecode.cpp.cpp; path = main.cpp; sourceTree = "<group>"; };
		B306BB6628C3160200445D5F /* scanner.ll */ = {isa = PBXFileReference; lastKnownFileType = sourcecode.asm.llvm; path = scanner.ll; sourceTree = "<group>"; };
		B306BB6728C3160200445D5F /* parser.yy */ = {isa = PBXFileReference; lastKnownFileType = sourcecode.yacc; path = parser.yy; sourceTree = "<group>"; };
		B306BB7E28C4093100445D5F /* preprocessor.hpp */ = {isa = PBXFileReference; fileEncoding = 4; lastKnownFileType = sourcecode.cpp.h; path = preprocessor.hpp; sourceTree = "<group>"; };
		B306BB7F28C4093100445D5F /* preprocessor.cpp */ = {isa = PBXFileReference; fileEncoding = 4; lastKnownFileType = sourcecode.cpp.cpp; path = preprocessor.cpp; sourceTree = "<group>"; };
		B33775A327E8E2F9006CA5FA /* compiler */ = {isa = PBXFileReference; explicitFileType = "compiled.mach-o.executable"; includeInIndex = 0; path = compiler; sourceTree = BUILT_PRODUCTS_DIR; };
		B37193B728C24888000799D3 /* location.hh */ = {isa = PBXFileReference; fileEncoding = 4; lastKnownFileType = sourcecode.cpp.h; path = location.hh; sourceTree = "<group>"; };
		B3820392290B3CAB0083A552 /* allocation.cpp */ = {isa = PBXFileReference; lastKnownFileType = sourcecode.cpp.cpp; path = allocation.cpp; sourceTree = "<group>"; };
		B3820393290B3CAB0083A552 /* allocation.hpp */ = {isa = PBXFileReference; lastKnownFileType = sourcecode.cpp.h; path = allocation.hpp; sourceTree = "<group>"; };
		B396F0B1290E365D00179979 /* function.cpp */ = {isa = PBXFileReference; lastKnownFileType = sourcecode.cpp.cpp; path = function.cpp; sourceTree = "<group>"; };
		B396F0B3290EC4FC00179979 /* program.cpp */ = {isa = PBXFileReference; lastKnownFileType = sourcecode.cpp.cpp; path = program.cpp; sourceTree = "<group>"; };
		B396F0B4290EC4FC00179979 /* program.hpp */ = {isa = PBXFileReference; lastKnownFileType = sourcecode.cpp.h; path = program.hpp; sourceTree = "<group>"; };
		B3A769E42904FD1B005A0D83 /* libfmt.9.1.0.dylib */ = {isa = PBXFileReference; lastKnownFileType = "compiled.mach-o.dylib"; name = libfmt.9.1.0.dylib; path = ../../../../../opt/homebrew/Cellar/fmt/9.1.0/lib/libfmt.9.1.0.dylib; sourceTree = "<group>"; };
		B3D451DF28B4057500355D7B /* expression.cpp */ = {isa = PBXFileReference; fileEncoding = 4; lastKnownFileType = sourcecode.cpp.cpp; path = expression.cpp; sourceTree = "<group>"; };
		B3D451E028B4057500355D7B /* expression.hpp */ = {isa = PBXFileReference; fileEncoding = 4; lastKnownFileType = sourcecode.cpp.h; path = expression.hpp; sourceTree = "<group>"; };
		B3D9C5FD29038C89004EE1CC /* optimizer.cpp */ = {isa = PBXFileReference; lastKnownFileType = sourcecode.cpp.cpp; path = optimizer.cpp; sourceTree = "<group>"; };
		B3D9C5FE29038C89004EE1CC /* optimizer.hpp */ = {isa = PBXFileReference; lastKnownFileType = sourcecode.cpp.h; path = optimizer.hpp; sourceTree = "<group>"; };
		B3E808FE29088AB700CD5A47 /* driver.cpp */ = {isa = PBXFileReference; lastKnownFileType = sourcecode.cpp.cpp; path = driver.cpp; sourceTree = "<group>"; };
		B3E808FF29088AB700CD5A47 /* driver.hpp */ = {isa = PBXFileReference; lastKnownFileType = sourcecode.cpp.h; path = driver.hpp; sourceTree = "<group>"; };
		B3E8090129088BFE00CD5A47 /* scanner.cpp */ = {isa = PBXFileReference; fileEncoding = 4; lastKnownFileType = sourcecode.cpp.cpp; path = scanner.cpp; sourceTree = "<group>"; };
		B3E8090229088BFE00CD5A47 /* parser.cpp */ = {isa = PBXFileReference; fileEncoding = 4; lastKnownFileType = sourcecode.cpp.cpp; path = parser.cpp; sourceTree = "<group>"; };
		B3E8090329088BFE00CD5A47 /* parser.hpp */ = {isa = PBXFileReference; fileEncoding = 4; lastKnownFileType = sourcecode.cpp.h; path = parser.hpp; sourceTree = "<group>"; };
		B3F390B528E7906200DA4FE0 /* bytecode.cpp */ = {isa = PBXFileReference; lastKnownFileType = sourcecode.cpp.cpp; path = bytecode.cpp; sourceTree = "<group>"; };
		B3F390B628E7906200DA4FE0 /* bytecode.hpp */ = {isa = PBXFileReference; lastKnownFileType = sourcecode.cpp.h; path = bytecode.hpp; sourceTree = "<group>"; };
/* End PBXFileReference section */

/* Begin PBXFrameworksBuildPhase section */
		B33775A027E8E2F9006CA5FA /* Frameworks */ = {
			isa = PBXFrameworksBuildPhase;
			buildActionMask = 2147483647;
			files = (
				B3A769E52904FD1B005A0D83 /* libfmt.9.1.0.dylib in Frameworks */,
			);
			runOnlyForDeploymentPostprocessing = 0;
		};
/* End PBXFrameworksBuildPhase section */

/* Begin PBXGroup section */
		B306BB5B28C3138C00445D5F /* frontend */ = {
			isa = PBXGroup;
			children = (
				B3E8090229088BFE00CD5A47 /* parser.cpp */,
				B3E8090329088BFE00CD5A47 /* parser.hpp */,
				B3E8090129088BFE00CD5A47 /* scanner.cpp */,
				B306BB7F28C4093100445D5F /* preprocessor.cpp */,
				B306BB7E28C4093100445D5F /* preprocessor.hpp */,
				B37193B728C24888000799D3 /* location.hh */,
				B3E808FE29088AB700CD5A47 /* driver.cpp */,
				B3E808FF29088AB700CD5A47 /* driver.hpp */,
			);
			name = frontend;
			sourceTree = "<group>";
		};
		B306BB5E28C313EB00445D5F /* backend */ = {
			isa = PBXGroup;
			children = (
				B30556B828B40FC800BEAB4D /* compiler.cpp */,
				B30556B928B40FC800BEAB4D /* compiler.hpp */,
				B396F0B1290E365D00179979 /* function.cpp */,
				B30556BF28B4201A00BEAB4D /* function.hpp */,
				B30556B528B408EA00BEAB4D /* statement.cpp */,
				B30556B628B408EA00BEAB4D /* statement.hpp */,
				B3D451DF28B4057500355D7B /* expression.cpp */,
				B3D451E028B4057500355D7B /* expression.hpp */,
				B30556C428B44BBA00BEAB4D /* error.hpp */,
				B30556BD28B41E3300BEAB4D /* types.hpp */,
				B3F390B528E7906200DA4FE0 /* bytecode.cpp */,
				B3F390B628E7906200DA4FE0 /* bytecode.hpp */,
				B3D9C5FD29038C89004EE1CC /* optimizer.cpp */,
				B3D9C5FE29038C89004EE1CC /* optimizer.hpp */,
				B3820392290B3CAB0083A552 /* allocation.cpp */,
				B3820393290B3CAB0083A552 /* allocation.hpp */,
				B396F0B3290EC4FC00179979 /* program.cpp */,
				B396F0B4290EC4FC00179979 /* program.hpp */,
			);
			name = backend;
			sourceTree = "<group>";
		};
		B306BB6528C315E100445D5F /* generated */ = {
			isa = PBXGroup;
			children = (
				B306BB6728C3160200445D5F /* parser.yy */,
				B306BB6628C3160200445D5F /* scanner.ll */,
			);
			name = generated;
			sourceTree = "<group>";
		};
		B337759A27E8E2F9006CA5FA = {
			isa = PBXGroup;
			children = (
				B33775A527E8E2F9006CA5FA /* compiler */,
				B33775A427E8E2F9006CA5FA /* Products */,
				B3A769E32904FD1B005A0D83 /* Frameworks */,
			);
			sourceTree = "<group>";
		};
		B33775A427E8E2F9006CA5FA /* Products */ = {
			isa = PBXGroup;
			children = (
				B33775A327E8E2F9006CA5FA /* compiler */,
			);
			name = Products;
			sourceTree = "<group>";
		};
		B33775A527E8E2F9006CA5FA /* compiler */ = {
			isa = PBXGroup;
			children = (
				B306BB6528C315E100445D5F /* generated */,
				B306BB5E28C313EB00445D5F /* backend */,
				B306BB5B28C3138C00445D5F /* frontend */,
				B306BB5628C3112700445D5F /* main.cpp */,
			);
			path = compiler;
			sourceTree = "<group>";
		};
		B3A769E32904FD1B005A0D83 /* Frameworks */ = {
			isa = PBXGroup;
			children = (
				B3A769E42904FD1B005A0D83 /* libfmt.9.1.0.dylib */,
			);
			name = Frameworks;
			sourceTree = "<group>";
		};
/* End PBXGroup section */

/* Begin PBXNativeTarget section */
		B33775A227E8E2F9006CA5FA /* compiler */ = {
			isa = PBXNativeTarget;
			buildConfigurationList = B33775AA27E8E2F9006CA5FA /* Build configuration list for PBXNativeTarget "compiler" */;
			buildPhases = (
				B337759F27E8E2F9006CA5FA /* Sources */,
				B33775A027E8E2F9006CA5FA /* Frameworks */,
				B33775A127E8E2F9006CA5FA /* CopyFiles */,
			);
			buildRules = (
			);
			dependencies = (
			);
			name = compiler;
			productName = compiler;
			productReference = B33775A327E8E2F9006CA5FA /* compiler */;
			productType = "com.apple.product-type.tool";
		};
/* End PBXNativeTarget section */

/* Begin PBXProject section */
		B337759B27E8E2F9006CA5FA /* Project object */ = {
			isa = PBXProject;
			attributes = {
				BuildIndependentTargetsInParallel = 1;
				LastUpgradeCheck = 1400;
				TargetAttributes = {
					B33775A227E8E2F9006CA5FA = {
						CreatedOnToolsVersion = 13.3;
					};
				};
			};
			buildConfigurationList = B337759E27E8E2F9006CA5FA /* Build configuration list for PBXProject "compiler" */;
			compatibilityVersion = "Xcode 13.0";
			developmentRegion = en;
			hasScannedForEncodings = 0;
			knownRegions = (
				en,
				Base,
			);
			mainGroup = B337759A27E8E2F9006CA5FA;
			productRefGroup = B33775A427E8E2F9006CA5FA /* Products */;
			projectDirPath = "";
			projectRoot = "";
			targets = (
				B33775A227E8E2F9006CA5FA /* compiler */,
			);
		};
/* End PBXProject section */

/* Begin PBXSourcesBuildPhase section */
		B337759F27E8E2F9006CA5FA /* Sources */ = {
			isa = PBXSourcesBuildPhase;
			buildActionMask = 2147483647;
			files = (
				B396F0B5290EC4FC00179979 /* program.cpp in Sources */,
				B3E8090029088AB700CD5A47 /* driver.cpp in Sources */,
				B3820394290B3CAB0083A552 /* allocation.cpp in Sources */,
				B396F0B2290E365D00179979 /* function.cpp in Sources */,
				B3F390B728E7906200DA4FE0 /* bytecode.cpp in Sources */,
				B30556B728B408EA00BEAB4D /* statement.cpp in Sources */,
				B3E8090429088BFE00CD5A47 /* scanner.cpp in Sources */,
				B3E8090529088BFE00CD5A47 /* parser.cpp in Sources */,
				B306BB8028C4093100445D5F /* preprocessor.cpp in Sources */,
				B306BB5728C3112700445D5F /* main.cpp in Sources */,
				B30556BA28B40FC800BEAB4D /* compiler.cpp in Sources */,
				B3D9C5FF29038C89004EE1CC /* optimizer.cpp in Sources */,
				B3D451E128B4057500355D7B /* expression.cpp in Sources */,
			);
			runOnlyForDeploymentPostprocessing = 0;
		};
/* End PBXSourcesBuildPhase section */

/* Begin XCBuildConfiguration section */
		B33775A827E8E2F9006CA5FA /* Debug */ = {
			isa = XCBuildConfiguration;
			buildSettings = {
				ALWAYS_SEARCH_USER_PATHS = NO;
				CLANG_ALLOW_NON_MODULAR_INCLUDES_IN_FRAMEWORK_MODULES = YES;
				CLANG_ANALYZER_NONNULL = YES;
				CLANG_ANALYZER_NUMBER_OBJECT_CONVERSION = YES_AGGRESSIVE;
				CLANG_CXX_LANGUAGE_STANDARD = "c++20";
				CLANG_ENABLE_MODULES = YES;
				CLANG_ENABLE_OBJC_ARC = YES;
				CLANG_ENABLE_OBJC_WEAK = YES;
				CLANG_WARN_BLOCK_CAPTURE_AUTORELEASING = YES;
				CLANG_WARN_BOOL_CONVERSION = YES;
				CLANG_WARN_COMMA = YES;
				CLANG_WARN_CONSTANT_CONVERSION = YES;
				CLANG_WARN_DEPRECATED_OBJC_IMPLEMENTATIONS = YES;
				CLANG_WARN_DIRECT_OBJC_ISA_USAGE = YES_ERROR;
				CLANG_WARN_DOCUMENTATION_COMMENTS = YES;
				CLANG_WARN_EMPTY_BODY = YES;
				CLANG_WARN_ENUM_CONVERSION = YES;
				CLANG_WARN_INFINITE_RECURSION = YES;
				CLANG_WARN_INT_CONVERSION = YES;
				CLANG_WARN_NON_LITERAL_NULL_CONVERSION = YES;
				CLANG_WARN_OBJC_IMPLICIT_RETAIN_SELF = YES;
				CLANG_WARN_OBJC_LITERAL_CONVERSION = YES;
				CLANG_WARN_OBJC_ROOT_CLASS = YES_ERROR;
				CLANG_WARN_QUOTED_INCLUDE_IN_FRAMEWORK_HEADER = YES;
				CLANG_WARN_RANGE_LOOP_ANALYSIS = YES;
				CLANG_WARN_STRICT_PROTOTYPES = YES;
				CLANG_WARN_SUSPICIOUS_MOVE = YES;
				CLANG_WARN_UNGUARDED_AVAILABILITY = YES_AGGRESSIVE;
				CLANG_WARN_UNREACHABLE_CODE = YES;
				CLANG_WARN__DUPLICATE_METHOD_MATCH = YES;
				COPY_PHASE_STRIP = NO;
				DEAD_CODE_STRIPPING = YES;
				DEBUG_INFORMATION_FORMAT = dwarf;
				ENABLE_STRICT_OBJC_MSGSEND = YES;
				ENABLE_TESTABILITY = YES;
				GCC_C_LANGUAGE_STANDARD = c11;
				GCC_DYNAMIC_NO_PIC = NO;
				GCC_NO_COMMON_BLOCKS = YES;
				GCC_OPTIMIZATION_LEVEL = 0;
				GCC_PREPROCESSOR_DEFINITIONS = (
					"DEBUG=1",
					"$(inherited)",
				);
				GCC_VERSION = "";
				GCC_WARN_64_TO_32_BIT_CONVERSION = YES;
				GCC_WARN_ABOUT_RETURN_TYPE = YES_ERROR;
				GCC_WARN_UNDECLARED_SELECTOR = YES;
				GCC_WARN_UNINITIALIZED_AUTOS = YES_AGGRESSIVE;
				GCC_WARN_UNUSED_FUNCTION = YES;
				GCC_WARN_UNUSED_VARIABLE = YES;
				HEADER_SEARCH_PATHS = "/opt/homebrew/Cellar/fmt/9.1.0/include/**";
				LEX = /opt/homebrew/opt/flex/bin/flex;
				LIBRARY_SEARCH_PATHS = /opt/homebrew/Cellar/fmt/9.1.0/lib/;
				MACOSX_DEPLOYMENT_TARGET = 12.3;
				MTL_ENABLE_DEBUG_INFO = INCLUDE_SOURCE;
				MTL_FAST_MATH = YES;
				ONLY_ACTIVE_ARCH = YES;
				SDKROOT = macosx;
				YACC = /opt/homebrew/opt/bison/bin/bison;
			};
			name = Debug;
		};
		B33775A927E8E2F9006CA5FA /* Release */ = {
			isa = XCBuildConfiguration;
			buildSettings = {
				ALWAYS_SEARCH_USER_PATHS = NO;
				CLANG_ALLOW_NON_MODULAR_INCLUDES_IN_FRAMEWORK_MODULES = YES;
				CLANG_ANALYZER_NONNULL = YES;
				CLANG_ANALYZER_NUMBER_OBJECT_CONVERSION = YES_AGGRESSIVE;
				CLANG_CXX_LANGUAGE_STANDARD = "c++20";
				CLANG_ENABLE_MODULES = YES;
				CLANG_ENABLE_OBJC_ARC = YES;
				CLANG_ENABLE_OBJC_WEAK = YES;
				CLANG_WARN_BLOCK_CAPTURE_AUTORELEASING = YES;
				CLANG_WARN_BOOL_CONVERSION = YES;
				CLANG_WARN_COMMA = YES;
				CLANG_WARN_CONSTANT_CONVERSION = YES;
				CLANG_WARN_DEPRECATED_OBJC_IMPLEMENTATIONS = YES;
				CLANG_WARN_DIRECT_OBJC_ISA_USAGE = YES_ERROR;
				CLANG_WARN_DOCUMENTATION_COMMENTS = YES;
				CLANG_WARN_EMPTY_BODY = YES;
				CLANG_WARN_ENUM_CONVERSION = YES;
				CLANG_WARN_INFINITE_RECURSION = YES;
				CLANG_WARN_INT_CONVERSION = YES;
				CLANG_WARN_NON_LITERAL_NULL_CONVERSION = YES;
				CLANG_WARN_OBJC_IMPLICIT_RETAIN_SELF = YES;
				CLANG_WARN_OBJC_LITERAL_CONVERSION = YES;
				CLANG_WARN_OBJC_ROOT_CLASS = YES_ERROR;
				CLANG_WARN_QUOTED_INCLUDE_IN_FRAMEWORK_HEADER = YES;
				CLANG_WARN_RANGE_LOOP_ANALYSIS = YES;
				CLANG_WARN_STRICT_PROTOTYPES = YES;
				CLANG_WARN_SUSPICIOUS_MOVE = YES;
				CLANG_WARN_UNGUARDED_AVAILABILITY = YES_AGGRESSIVE;
				CLANG_WARN_UNREACHABLE_CODE = YES;
				CLANG_WARN__DUPLICATE_METHOD_MATCH = YES;
				COPY_PHASE_STRIP = NO;
				DEAD_CODE_STRIPPING = YES;
				DEBUG_INFORMATION_FORMAT = "dwarf-with-dsym";
				ENABLE_NS_ASSERTIONS = NO;
				ENABLE_STRICT_OBJC_MSGSEND = YES;
				GCC_C_LANGUAGE_STANDARD = c11;
				GCC_NO_COMMON_BLOCKS = YES;
				GCC_VERSION = "";
				GCC_WARN_64_TO_32_BIT_CONVERSION = YES;
				GCC_WARN_ABOUT_RETURN_TYPE = YES_ERROR;
				GCC_WARN_UNDECLARED_SELECTOR = YES;
				GCC_WARN_UNINITIALIZED_AUTOS = YES_AGGRESSIVE;
				GCC_WARN_UNUSED_FUNCTION = YES;
				GCC_WARN_UNUSED_VARIABLE = YES;
				HEADER_SEARCH_PATHS = "/opt/homebrew/Cellar/fmt/9.1.0/include/**";
				LEX = /opt/homebrew/opt/flex/bin/flex;
				LIBRARY_SEARCH_PATHS = /opt/homebrew/Cellar/fmt/9.1.0/lib/;
				MACOSX_DEPLOYMENT_TARGET = 12.3;
				MTL_ENABLE_DEBUG_INFO = NO;
				MTL_FAST_MATH = YES;
				SDKROOT = macosx;
				YACC = /opt/homebrew/opt/bison/bin/bison;
			};
			name = Release;
		};
		B33775AB27E8E2F9006CA5FA /* Debug */ = {
			isa = XCBuildConfiguration;
			buildSettings = {
				CLANG_ALLOW_NON_MODULAR_INCLUDES_IN_FRAMEWORK_MODULES = YES;
				CLANG_CXX_LANGUAGE_STANDARD = "c++20";
				CODE_SIGN_IDENTITY = "-";
				CODE_SIGN_STYLE = Automatic;
				DEAD_CODE_STRIPPING = YES;
				DEVELOPMENT_TEAM = Q59J67R6R5;
				ENABLE_HARDENED_RUNTIME = YES;
				GCC_C_LANGUAGE_STANDARD = c11;
				GCC_DYNAMIC_NO_PIC = YES;
				GCC_ENABLE_CPP_RTTI = YES;
				GCC_VERSION = com.apple.compilers.llvm.clang.1_0;
				HEADER_SEARCH_PATHS = "/opt/homebrew/Cellar/fmt/9.1.0/include/**";
				LEXFLAGS = "";
				LIBRARY_SEARCH_PATHS = "/opt/homebrew/Cellar/fmt/9.1.0/lib/**";
				LLVM_LTO = YES_THIN;
				PRODUCT_NAME = "$(TARGET_NAME)";
				YACCFLAGS = "";
			};
			name = Debug;
		};
		B33775AC27E8E2F9006CA5FA /* Release */ = {
			isa = XCBuildConfiguration;
			buildSettings = {
				CLANG_ALLOW_NON_MODULAR_INCLUDES_IN_FRAMEWORK_MODULES = YES;
				CLANG_CXX_LANGUAGE_STANDARD = "c++20";
				CODE_SIGN_IDENTITY = "-";
				CODE_SIGN_STYLE = Automatic;
				DEAD_CODE_STRIPPING = YES;
				DEVELOPMENT_TEAM = Q59J67R6R5;
				ENABLE_HARDENED_RUNTIME = YES;
				GCC_C_LANGUAGE_STANDARD = c11;
				GCC_DYNAMIC_NO_PIC = YES;
				GCC_ENABLE_CPP_RTTI = YES;
				GCC_OPTIMIZATION_LEVEL = 3;
				GCC_UNROLL_LOOPS = YES;
				GCC_VERSION = com.apple.compilers.llvm.clang.1_0;
				HEADER_SEARCH_PATHS = "/opt/homebrew/Cellar/fmt/9.1.0/include/**";
				LEXFLAGS = "";
				LIBRARY_SEARCH_PATHS = "/opt/homebrew/Cellar/fmt/9.1.0/lib/**";
				LLVM_LTO = YES_THIN;
				PRODUCT_NAME = "$(TARGET_NAME)";
				YACCFLAGS = "";
			};
			name = Release;
		};
/* End XCBuildConfiguration section */

/* Begin XCConfigurationList section */
		B337759E27E8E2F9006CA5FA /* Build configuration list for PBXProject "compiler" */ = {
			isa = XCConfigurationList;
			buildConfigurations = (
				B33775A827E8E2F9006CA5FA /* Debug */,
				B33775A927E8E2F9006CA5FA /* Release */,
			);
			defaultConfigurationIsVisible = 0;
			defaultConfigurationName = Release;
		};
		B33775AA27E8E2F9006CA5FA /* Build configuration list for PBXNativeTarget "compiler" */ = {
			isa = XCConfigurationList;
			buildConfigurations = (
				B33775AB27E8E2F9006CA5FA /* Debug */,
				B33775AC27E8E2F9006CA5FA /* Release */,
			);
			defaultConfigurationIsVisible = 0;
			defaultConfigurationName = Release;
		};
/* End XCConfigurationList section */
	};
	rootObject = B337759B27E8E2F9006CA5FA /* Project object */;
}
