// !$*UTF8*$!
{
	archiveVersion = 1;
	classes = {
	};
	objectVersion = 55;
	objects = {

/* Begin PBXBuildFile section */
		B30556B728B408EA00BEAB4D /* Statement.cpp in Sources */ = {isa = PBXBuildFile; fileRef = B30556B528B408EA00BEAB4D /* Statement.cpp */; };
		B30556BA28B40FC800BEAB4D /* Context.cpp in Sources */ = {isa = PBXBuildFile; fileRef = B30556B828B40FC800BEAB4D /* Context.cpp */; };
		B30556C028B4201A00BEAB4D /* Function.cpp in Sources */ = {isa = PBXBuildFile; fileRef = B30556BE28B4201A00BEAB4D /* Function.cpp */; };
		B30556CA28B44CCC00BEAB4D /* Driver.cpp in Sources */ = {isa = PBXBuildFile; fileRef = B30556C828B44CCC00BEAB4D /* Driver.cpp */; };
		B33126B028A4BF57001E52E6 /* lexer.l in Sources */ = {isa = PBXBuildFile; fileRef = B33126AB28A4BF57001E52E6 /* lexer.l */; };
		B33126B128A4BF57001E52E6 /* utility.cpp in Sources */ = {isa = PBXBuildFile; fileRef = B33126AD28A4BF57001E52E6 /* utility.cpp */; };
		B33126B228A4BF57001E52E6 /* parser.y in Sources */ = {isa = PBXBuildFile; fileRef = B33126AE28A4BF57001E52E6 /* parser.y */; };
		B3D451E128B4057500355D7B /* Expression.cpp in Sources */ = {isa = PBXBuildFile; fileRef = B3D451DF28B4057500355D7B /* Expression.cpp */; };
/* End PBXBuildFile section */

/* Begin PBXCopyFilesBuildPhase section */
		B33775A127E8E2F9006CA5FA /* CopyFiles */ = {
			isa = PBXCopyFilesBuildPhase;
			buildActionMask = 2147483647;
			dstPath = /usr/share/man/man1/;
			dstSubfolderSpec = 0;
			files = (
			);
			runOnlyForDeploymentPostprocessing = 1;
		};
/* End PBXCopyFilesBuildPhase section */

/* Begin PBXFileReference section */
		B30556B528B408EA00BEAB4D /* Statement.cpp */ = {isa = PBXFileReference; lastKnownFileType = sourcecode.cpp.cpp; path = Statement.cpp; sourceTree = "<group>"; };
		B30556B628B408EA00BEAB4D /* Statement.hpp */ = {isa = PBXFileReference; lastKnownFileType = sourcecode.cpp.h; path = Statement.hpp; sourceTree = "<group>"; };
		B30556B828B40FC800BEAB4D /* Context.cpp */ = {isa = PBXFileReference; lastKnownFileType = sourcecode.cpp.cpp; path = Context.cpp; sourceTree = "<group>"; };
		B30556B928B40FC800BEAB4D /* Context.hpp */ = {isa = PBXFileReference; lastKnownFileType = sourcecode.cpp.h; path = Context.hpp; sourceTree = "<group>"; };
		B30556BD28B41E3300BEAB4D /* Types.hpp */ = {isa = PBXFileReference; fileEncoding = 4; lastKnownFileType = sourcecode.cpp.h; path = Types.hpp; sourceTree = "<group>"; };
		B30556BE28B4201A00BEAB4D /* Function.cpp */ = {isa = PBXFileReference; lastKnownFileType = sourcecode.cpp.cpp; path = Function.cpp; sourceTree = "<group>"; };
		B30556BF28B4201A00BEAB4D /* Function.hpp */ = {isa = PBXFileReference; lastKnownFileType = sourcecode.cpp.h; path = Function.hpp; sourceTree = "<group>"; };
		B30556C428B44BBA00BEAB4D /* Error.hpp */ = {isa = PBXFileReference; fileEncoding = 4; lastKnownFileType = sourcecode.cpp.h; path = Error.hpp; sourceTree = "<group>"; };
		B30556C828B44CCC00BEAB4D /* Driver.cpp */ = {isa = PBXFileReference; fileEncoding = 4; lastKnownFileType = sourcecode.cpp.cpp; path = Driver.cpp; sourceTree = "<group>"; };
		B30556C928B44CCC00BEAB4D /* Driver.hpp */ = {isa = PBXFileReference; fileEncoding = 4; lastKnownFileType = sourcecode.cpp.h; path = Driver.hpp; sourceTree = "<group>"; };
		B33126AB28A4BF57001E52E6 /* lexer.l */ = {isa = PBXFileReference; fileEncoding = 4; lastKnownFileType = sourcecode.lex; path = lexer.l; sourceTree = "<group>"; };
		B33126AC28A4BF57001E52E6 /* utility.h */ = {isa = PBXFileReference; fileEncoding = 4; lastKnownFileType = sourcecode.c.h; path = utility.h; sourceTree = "<group>"; };
		B33126AD28A4BF57001E52E6 /* utility.cpp */ = {isa = PBXFileReference; fileEncoding = 4; lastKnownFileType = sourcecode.cpp.cpp; path = utility.cpp; sourceTree = "<group>"; };
		B33126AE28A4BF57001E52E6 /* parser.y */ = {isa = PBXFileReference; fileEncoding = 4; lastKnownFileType = sourcecode.yacc; path = parser.y; sourceTree = "<group>"; };
		B33775A327E8E2F9006CA5FA /* compiler */ = {isa = PBXFileReference; explicitFileType = "compiled.mach-o.executable"; includeInIndex = 0; path = compiler; sourceTree = BUILT_PRODUCTS_DIR; };
		B357019B28ACCC00003ABA0D /* codegen.h */ = {isa = PBXFileReference; lastKnownFileType = sourcecode.c.h; path = codegen.h; sourceTree = "<group>"; };
		B3AEC5D528C17AAD0057D193 /* parser.yy */ = {isa = PBXFileReference; lastKnownFileType = sourcecode.yacc; name = parser.yy; path = compiler/frontend/parser.yy; sourceTree = "<group>"; };
		B3AEC5D628C17AAD0057D193 /* scanner.ll */ = {isa = PBXFileReference; lastKnownFileType = sourcecode.asm.llvm; name = scanner.ll; path = compiler/frontend/scanner.ll; sourceTree = "<group>"; };
		B3AEC5D728C1AE870057D193 /* driver.cc */ = {isa = PBXFileReference; lastKnownFileType = sourcecode.cpp.cpp; name = driver.cc; path = compiler/frontend/driver.cc; sourceTree = "<group>"; };
		B3AEC5D828C1AE870057D193 /* driver.hh */ = {isa = PBXFileReference; lastKnownFileType = sourcecode.cpp.h; name = driver.hh; path = compiler/frontend/driver.hh; sourceTree = "<group>"; };
		B3D451DF28B4057500355D7B /* Expression.cpp */ = {isa = PBXFileReference; fileEncoding = 4; lastKnownFileType = sourcecode.cpp.cpp; path = Expression.cpp; sourceTree = "<group>"; };
		B3D451E028B4057500355D7B /* Expression.hpp */ = {isa = PBXFileReference; fileEncoding = 4; lastKnownFileType = sourcecode.cpp.h; path = Expression.hpp; sourceTree = "<group>"; };
/* End PBXFileReference section */

/* Begin PBXFrameworksBuildPhase section */
		B33775A027E8E2F9006CA5FA /* Frameworks */ = {
			isa = PBXFrameworksBuildPhase;
			buildActionMask = 2147483647;
			files = (
			);
			runOnlyForDeploymentPostprocessing = 0;
		};
/* End PBXFrameworksBuildPhase section */

/* Begin PBXGroup section */
		B337759A27E8E2F9006CA5FA = {
			isa = PBXGroup;
			children = (
				B3AEC5D728C1AE870057D193 /* driver.cc */,
				B3AEC5D828C1AE870057D193 /* driver.hh */,
				B3AEC5D628C17AAD0057D193 /* scanner.ll */,
				B3AEC5D528C17AAD0057D193 /* parser.yy */,
				B33775A527E8E2F9006CA5FA /* compiler */,
				B33775A427E8E2F9006CA5FA /* Products */,
			);
			sourceTree = "<group>";
		};
		B33775A427E8E2F9006CA5FA /* Products */ = {
			isa = PBXGroup;
			children = (
				B33775A327E8E2F9006CA5FA /* compiler */,
			);
			name = Products;
			sourceTree = "<group>";
		};
		B33775A527E8E2F9006CA5FA /* compiler */ = {
			isa = PBXGroup;
			children = (
				B30556C828B44CCC00BEAB4D /* Driver.cpp */,
				B30556C928B44CCC00BEAB4D /* Driver.hpp */,
				B30556C428B44BBA00BEAB4D /* Error.hpp */,
				B30556BE28B4201A00BEAB4D /* Function.cpp */,
				B30556BD28B41E3300BEAB4D /* Types.hpp */,
				B3D451DF28B4057500355D7B /* Expression.cpp */,
				B3D451E028B4057500355D7B /* Expression.hpp */,
				B33126AB28A4BF57001E52E6 /* lexer.l */,
				B33126AE28A4BF57001E52E6 /* parser.y */,
				B33126AD28A4BF57001E52E6 /* utility.cpp */,
				B33126AC28A4BF57001E52E6 /* utility.h */,
				B30556B528B408EA00BEAB4D /* Statement.cpp */,
				B357019B28ACCC00003ABA0D /* codegen.h */,
				B30556B628B408EA00BEAB4D /* Statement.hpp */,
				B30556B828B40FC800BEAB4D /* Context.cpp */,
				B30556B928B40FC800BEAB4D /* Context.hpp */,
				B30556BF28B4201A00BEAB4D /* Function.hpp */,
			);
			path = compiler;
			sourceTree = "<group>";
		};
/* End PBXGroup section */

/* Begin PBXNativeTarget section */
		B33775A227E8E2F9006CA5FA /* compiler */ = {
			isa = PBXNativeTarget;
			buildConfigurationList = B33775AA27E8E2F9006CA5FA /* Build configuration list for PBXNativeTarget "compiler" */;
			buildPhases = (
				B337759F27E8E2F9006CA5FA /* Sources */,
				B33775A027E8E2F9006CA5FA /* Frameworks */,
				B33775A127E8E2F9006CA5FA /* CopyFiles */,
			);
			buildRules = (
			);
			dependencies = (
			);
			name = compiler;
			productName = compiler;
			productReference = B33775A327E8E2F9006CA5FA /* compiler */;
			productType = "com.apple.product-type.tool";
		};
/* End PBXNativeTarget section */

/* Begin PBXProject section */
		B337759B27E8E2F9006CA5FA /* Project object */ = {
			isa = PBXProject;
			attributes = {
				BuildIndependentTargetsInParallel = 1;
				LastUpgradeCheck = 1400;
				TargetAttributes = {
					B33775A227E8E2F9006CA5FA = {
						CreatedOnToolsVersion = 13.3;
					};
				};
			};
			buildConfigurationList = B337759E27E8E2F9006CA5FA /* Build configuration list for PBXProject "compiler" */;
			compatibilityVersion = "Xcode 13.0";
			developmentRegion = en;
			hasScannedForEncodings = 0;
			knownRegions = (
				en,
				Base,
			);
			mainGroup = B337759A27E8E2F9006CA5FA;
			productRefGroup = B33775A427E8E2F9006CA5FA /* Products */;
			projectDirPath = "";
			projectRoot = "";
			targets = (
				B33775A227E8E2F9006CA5FA /* compiler */,
			);
		};
/* End PBXProject section */

/* Begin PBXSourcesBuildPhase section */
		B337759F27E8E2F9006CA5FA /* Sources */ = {
			isa = PBXSourcesBuildPhase;
			buildActionMask = 2147483647;
			files = (
				B30556CA28B44CCC00BEAB4D /* Driver.cpp in Sources */,
				B33126B228A4BF57001E52E6 /* parser.y in Sources */,
				B33126B128A4BF57001E52E6 /* utility.cpp in Sources */,
				B30556B728B408EA00BEAB4D /* Statement.cpp in Sources */,
				B30556C028B4201A00BEAB4D /* Function.cpp in Sources */,
				B30556BA28B40FC800BEAB4D /* Context.cpp in Sources */,
				B33126B028A4BF57001E52E6 /* lexer.l in Sources */,
				B3D451E128B4057500355D7B /* Expression.cpp in Sources */,
			);
			runOnlyForDeploymentPostprocessing = 0;
		};
/* End PBXSourcesBuildPhase section */

/* Begin XCBuildConfiguration section */
		B33775A827E8E2F9006CA5FA /* Debug */ = {
			isa = XCBuildConfiguration;
			buildSettings = {
				ALWAYS_SEARCH_USER_PATHS = NO;
				CLANG_ANALYZER_NONNULL = YES;
				CLANG_ANALYZER_NUMBER_OBJECT_CONVERSION = YES_AGGRESSIVE;
				CLANG_CXX_LANGUAGE_STANDARD = "gnu++17";
				CLANG_ENABLE_MODULES = YES;
				CLANG_ENABLE_OBJC_ARC = YES;
				CLANG_ENABLE_OBJC_WEAK = YES;
				CLANG_WARN_BLOCK_CAPTURE_AUTORELEASING = YES;
				CLANG_WARN_BOOL_CONVERSION = YES;
				CLANG_WARN_COMMA = YES;
				CLANG_WARN_CONSTANT_CONVERSION = YES;
				CLANG_WARN_DEPRECATED_OBJC_IMPLEMENTATIONS = YES;
				CLANG_WARN_DIRECT_OBJC_ISA_USAGE = YES_ERROR;
				CLANG_WARN_DOCUMENTATION_COMMENTS = YES;
				CLANG_WARN_EMPTY_BODY = YES;
				CLANG_WARN_ENUM_CONVERSION = YES;
				CLANG_WARN_INFINITE_RECURSION = YES;
				CLANG_WARN_INT_CONVERSION = YES;
				CLANG_WARN_NON_LITERAL_NULL_CONVERSION = YES;
				CLANG_WARN_OBJC_IMPLICIT_RETAIN_SELF = YES;
				CLANG_WARN_OBJC_LITERAL_CONVERSION = YES;
				CLANG_WARN_OBJC_ROOT_CLASS = YES_ERROR;
				CLANG_WARN_QUOTED_INCLUDE_IN_FRAMEWORK_HEADER = YES;
				CLANG_WARN_RANGE_LOOP_ANALYSIS = YES;
				CLANG_WARN_STRICT_PROTOTYPES = YES;
				CLANG_WARN_SUSPICIOUS_MOVE = YES;
				CLANG_WARN_UNGUARDED_AVAILABILITY = YES_AGGRESSIVE;
				CLANG_WARN_UNREACHABLE_CODE = YES;
				CLANG_WARN__DUPLICATE_METHOD_MATCH = YES;
				COPY_PHASE_STRIP = NO;
				DEAD_CODE_STRIPPING = YES;
				DEBUG_INFORMATION_FORMAT = dwarf;
				ENABLE_STRICT_OBJC_MSGSEND = YES;
				ENABLE_TESTABILITY = YES;
				GCC_C_LANGUAGE_STANDARD = gnu11;
				GCC_DYNAMIC_NO_PIC = NO;
				GCC_NO_COMMON_BLOCKS = YES;
				GCC_OPTIMIZATION_LEVEL = 0;
				GCC_PREPROCESSOR_DEFINITIONS = (
					"DEBUG=1",
					"$(inherited)",
				);
				GCC_VERSION = "";
				GCC_WARN_64_TO_32_BIT_CONVERSION = YES;
				GCC_WARN_ABOUT_RETURN_TYPE = YES_ERROR;
				GCC_WARN_UNDECLARED_SELECTOR = YES;
				GCC_WARN_UNINITIALIZED_AUTOS = YES_AGGRESSIVE;
				GCC_WARN_UNUSED_FUNCTION = YES;
				GCC_WARN_UNUSED_VARIABLE = YES;
				LEX = /opt/homebrew/opt/flex/bin/flex;
				MACOSX_DEPLOYMENT_TARGET = 12.3;
				MTL_ENABLE_DEBUG_INFO = INCLUDE_SOURCE;
				MTL_FAST_MATH = YES;
				ONLY_ACTIVE_ARCH = YES;
				SDKROOT = macosx;
				YACC = /opt/homebrew/opt/bison/bin/bison;
			};
			name = Debug;
		};
		B33775A927E8E2F9006CA5FA /* Release */ = {
			isa = XCBuildConfiguration;
			buildSettings = {
				ALWAYS_SEARCH_USER_PATHS = NO;
				CLANG_ANALYZER_NONNULL = YES;
				CLANG_ANALYZER_NUMBER_OBJECT_CONVERSION = YES_AGGRESSIVE;
				CLANG_CXX_LANGUAGE_STANDARD = "gnu++17";
				CLANG_ENABLE_MODULES = YES;
				CLANG_ENABLE_OBJC_ARC = YES;
				CLANG_ENABLE_OBJC_WEAK = YES;
				CLANG_WARN_BLOCK_CAPTURE_AUTORELEASING = YES;
				CLANG_WARN_BOOL_CONVERSION = YES;
				CLANG_WARN_COMMA = YES;
				CLANG_WARN_CONSTANT_CONVERSION = YES;
				CLANG_WARN_DEPRECATED_OBJC_IMPLEMENTATIONS = YES;
				CLANG_WARN_DIRECT_OBJC_ISA_USAGE = YES_ERROR;
				CLANG_WARN_DOCUMENTATION_COMMENTS = YES;
				CLANG_WARN_EMPTY_BODY = YES;
				CLANG_WARN_ENUM_CONVERSION = YES;
				CLANG_WARN_INFINITE_RECURSION = YES;
				CLANG_WARN_INT_CONVERSION = YES;
				CLANG_WARN_NON_LITERAL_NULL_CONVERSION = YES;
				CLANG_WARN_OBJC_IMPLICIT_RETAIN_SELF = YES;
				CLANG_WARN_OBJC_LITERAL_CONVERSION = YES;
				CLANG_WARN_OBJC_ROOT_CLASS = YES_ERROR;
				CLANG_WARN_QUOTED_INCLUDE_IN_FRAMEWORK_HEADER = YES;
				CLANG_WARN_RANGE_LOOP_ANALYSIS = YES;
				CLANG_WARN_STRICT_PROTOTYPES = YES;
				CLANG_WARN_SUSPICIOUS_MOVE = YES;
				CLANG_WARN_UNGUARDED_AVAILABILITY = YES_AGGRESSIVE;
				CLANG_WARN_UNREACHABLE_CODE = YES;
				CLANG_WARN__DUPLICATE_METHOD_MATCH = YES;
				COPY_PHASE_STRIP = NO;
				DEAD_CODE_STRIPPING = YES;
				DEBUG_INFORMATION_FORMAT = "dwarf-with-dsym";
				ENABLE_NS_ASSERTIONS = NO;
				ENABLE_STRICT_OBJC_MSGSEND = YES;
				GCC_C_LANGUAGE_STANDARD = gnu11;
				GCC_NO_COMMON_BLOCKS = YES;
				GCC_VERSION = "";
				GCC_WARN_64_TO_32_BIT_CONVERSION = YES;
				GCC_WARN_ABOUT_RETURN_TYPE = YES_ERROR;
				GCC_WARN_UNDECLARED_SELECTOR = YES;
				GCC_WARN_UNINITIALIZED_AUTOS = YES_AGGRESSIVE;
				GCC_WARN_UNUSED_FUNCTION = YES;
				GCC_WARN_UNUSED_VARIABLE = YES;
				LEX = /opt/homebrew/opt/flex/bin/flex;
				MACOSX_DEPLOYMENT_TARGET = 12.3;
				MTL_ENABLE_DEBUG_INFO = NO;
				MTL_FAST_MATH = YES;
				SDKROOT = macosx;
				YACC = /opt/homebrew/opt/bison/bin/bison;
			};
			name = Release;
		};
		B33775AB27E8E2F9006CA5FA /* Debug */ = {
			isa = XCBuildConfiguration;
			buildSettings = {
				CLANG_CXX_LANGUAGE_STANDARD = "c++20";
				CODE_SIGN_IDENTITY = "-";
				CODE_SIGN_STYLE = Automatic;
				DEAD_CODE_STRIPPING = YES;
				DEVELOPMENT_TEAM = Q59J67R6R5;
				ENABLE_HARDENED_RUNTIME = YES;
				GCC_C_LANGUAGE_STANDARD = c11;
				GCC_DYNAMIC_NO_PIC = YES;
				GCC_ENABLE_CPP_RTTI = NO;
				GCC_VERSION = com.apple.compilers.llvm.clang.1_0;
				LEXFLAGS = "";
				LLVM_LTO = YES_THIN;
				PRODUCT_NAME = "$(TARGET_NAME)";
				YACCFLAGS = "";
			};
			name = Debug;
		};
		B33775AC27E8E2F9006CA5FA /* Release */ = {
			isa = XCBuildConfiguration;
			buildSettings = {
				CLANG_CXX_LANGUAGE_STANDARD = "c++20";
				CODE_SIGN_IDENTITY = "-";
				CODE_SIGN_STYLE = Automatic;
				DEAD_CODE_STRIPPING = YES;
				DEVELOPMENT_TEAM = Q59J67R6R5;
				ENABLE_HARDENED_RUNTIME = YES;
				GCC_C_LANGUAGE_STANDARD = c11;
				GCC_DYNAMIC_NO_PIC = YES;
				GCC_ENABLE_CPP_RTTI = NO;
				GCC_OPTIMIZATION_LEVEL = 3;
				GCC_UNROLL_LOOPS = YES;
				GCC_VERSION = com.apple.compilers.llvm.clang.1_0;
				LEXFLAGS = "";
				LLVM_LTO = YES_THIN;
				PRODUCT_NAME = "$(TARGET_NAME)";
				YACCFLAGS = "";
			};
			name = Release;
		};
/* End XCBuildConfiguration section */

/* Begin XCConfigurationList section */
		B337759E27E8E2F9006CA5FA /* Build configuration list for PBXProject "compiler" */ = {
			isa = XCConfigurationList;
			buildConfigurations = (
				B33775A827E8E2F9006CA5FA /* Debug */,
				B33775A927E8E2F9006CA5FA /* Release */,
			);
			defaultConfigurationIsVisible = 0;
			defaultConfigurationName = Release;
		};
		B33775AA27E8E2F9006CA5FA /* Build configuration list for PBXNativeTarget "compiler" */ = {
			isa = XCConfigurationList;
			buildConfigurations = (
				B33775AB27E8E2F9006CA5FA /* Debug */,
				B33775AC27E8E2F9006CA5FA /* Release */,
			);
			defaultConfigurationIsVisible = 0;
			defaultConfigurationName = Release;
		};
/* End XCConfigurationList section */
	};
	rootObject = B337759B27E8E2F9006CA5FA /* Project object */;
}
